// !$*UTF8*$!
{
	archiveVersion = 1;
	classes = {
	};
	objectVersion = 50;
	objects = {

/* Begin PBXBuildFile section */
		1C456446258CFE88000D3F34 /* ScrumdingerApp.swift in Sources */ = {isa = PBXBuildFile; fileRef = 1C456445258CFE88000D3F34 /* ScrumdingerApp.swift */; };
		1C456448258CFE88000D3F34 /* MeetingView.swift in Sources */ = {isa = PBXBuildFile; fileRef = 1C456447258CFE88000D3F34 /* MeetingView.swift */; };
		1C45644A258CFE89000D3F34 /* Assets.xcassets in Resources */ = {isa = PBXBuildFile; fileRef = 1C456449258CFE89000D3F34 /* Assets.xcassets */; };
		1C45644D258CFE89000D3F34 /* Preview Assets.xcassets in Resources */ = {isa = PBXBuildFile; fileRef = 1C45644C258CFE89000D3F34 /* Preview Assets.xcassets */; };
		1C456458258D23A5000D3F34 /* DailyScrum.swift in Sources */ = {isa = PBXBuildFile; fileRef = 1C456457258D23A5000D3F34 /* DailyScrum.swift */; };
		1C45645C258D26BC000D3F34 /* CardView.swift in Sources */ = {isa = PBXBuildFile; fileRef = 1C45645B258D26BC000D3F34 /* CardView.swift */; };
		1C45645F258D2F76000D3F34 /* Color+Codable.swift in Sources */ = {isa = PBXBuildFile; fileRef = 1C45645E258D2F76000D3F34 /* Color+Codable.swift */; };
		1C4564622591264A000D3F34 /* ScrumsView.swift in Sources */ = {isa = PBXBuildFile; fileRef = 1C4564612591264A000D3F34 /* ScrumsView.swift */; };
		1C456465259248D3000D3F34 /* DetailView.swift in Sources */ = {isa = PBXBuildFile; fileRef = 1C456464259248D3000D3F34 /* DetailView.swift */; };
		1C45646825925643000D3F34 /* EditView.swift in Sources */ = {isa = PBXBuildFile; fileRef = 1C45646725925643000D3F34 /* EditView.swift */; };
		1CF9473C259279A100F84D8E /* MeetingHeaderView.swift in Sources */ = {isa = PBXBuildFile; fileRef = 1CF9473B259279A100F84D8E /* MeetingHeaderView.swift */; };
		1CF9473F25927C8800F84D8E /* ScrumProgressViewStyle.swift in Sources */ = {isa = PBXBuildFile; fileRef = 1CF9473E25927C8800F84D8E /* ScrumProgressViewStyle.swift */; };
		1CF9474225927CC000F84D8E /* ScrumTimer.swift in Sources */ = {isa = PBXBuildFile; fileRef = 1CF9474125927CC000F84D8E /* ScrumTimer.swift */; };
		1CF9474525927CC800F84D8E /* AVPlayer+Ding.swift in Sources */ = {isa = PBXBuildFile; fileRef = 1CF9474425927CC800F84D8E /* AVPlayer+Ding.swift */; };
		1CF94748259382E000F84D8E /* MeetingFooterView.swift in Sources */ = {isa = PBXBuildFile; fileRef = 1CF94747259382E000F84D8E /* MeetingFooterView.swift */; };
		1CF9474E2593864D00F84D8E /* ding.wav in Resources */ = {isa = PBXBuildFile; fileRef = 1CF9474D2593864D00F84D8E /* ding.wav */; };
		1CF947522593A3C400F84D8E /* History.swift in Sources */ = {isa = PBXBuildFile; fileRef = 1CF947512593A3C400F84D8E /* History.swift */; };
		1CF947552593BD5500F84D8E /* ScrumData.swift in Sources */ = {isa = PBXBuildFile; fileRef = 1CF947542593BD5500F84D8E /* ScrumData.swift */; };
		1CF947582595013300F84D8E /* MeetingTimerView.swift in Sources */ = {isa = PBXBuildFile; fileRef = 1CF947572595013300F84D8E /* MeetingTimerView.swift */; };
/* End PBXBuildFile section */

/* Begin PBXFileReference section */
		1C456442258CFE88000D3F34 /* Scrumdinger.app */ = {isa = PBXFileReference; explicitFileType = wrapper.application; includeInIndex = 0; path = Scrumdinger.app; sourceTree = BUILT_PRODUCTS_DIR; };
		1C456445258CFE88000D3F34 /* ScrumdingerApp.swift */ = {isa = PBXFileReference; lastKnownFileType = sourcecode.swift; path = ScrumdingerApp.swift; sourceTree = "<group>"; };
		1C456447258CFE88000D3F34 /* MeetingView.swift */ = {isa = PBXFileReference; lastKnownFileType = sourcecode.swift; path = MeetingView.swift; sourceTree = "<group>"; };
		1C456449258CFE89000D3F34 /* Assets.xcassets */ = {isa = PBXFileReference; lastKnownFileType = folder.assetcatalog; path = Assets.xcassets; sourceTree = "<group>"; };
		1C45644C258CFE89000D3F34 /* Preview Assets.xcassets */ = {isa = PBXFileReference; lastKnownFileType = folder.assetcatalog; path = "Preview Assets.xcassets"; sourceTree = "<group>"; };
		1C45644E258CFE89000D3F34 /* Info.plist */ = {isa = PBXFileReference; lastKnownFileType = text.plist.xml; path = Info.plist; sourceTree = "<group>"; };
		1C456457258D23A5000D3F34 /* DailyScrum.swift */ = {isa = PBXFileReference; lastKnownFileType = sourcecode.swift; path = DailyScrum.swift; sourceTree = "<group>"; };
		1C45645B258D26BC000D3F34 /* CardView.swift */ = {isa = PBXFileReference; lastKnownFileType = sourcecode.swift; path = CardView.swift; sourceTree = "<group>"; };
		1C45645E258D2F76000D3F34 /* Color+Codable.swift */ = {isa = PBXFileReference; fileEncoding = 4; lastKnownFileType = sourcecode.swift; path = "Color+Codable.swift"; sourceTree = "<group>"; };
		1C4564612591264A000D3F34 /* ScrumsView.swift */ = {isa = PBXFileReference; lastKnownFileType = sourcecode.swift; path = ScrumsView.swift; sourceTree = "<group>"; };
		1C456464259248D3000D3F34 /* DetailView.swift */ = {isa = PBXFileReference; lastKnownFileType = sourcecode.swift; path = DetailView.swift; sourceTree = "<group>"; };
		1C45646725925643000D3F34 /* EditView.swift */ = {isa = PBXFileReference; lastKnownFileType = sourcecode.swift; path = EditView.swift; sourceTree = "<group>"; };
		1CF9473B259279A100F84D8E /* MeetingHeaderView.swift */ = {isa = PBXFileReference; lastKnownFileType = sourcecode.swift; path = MeetingHeaderView.swift; sourceTree = "<group>"; };
		1CF9473E25927C8800F84D8E /* ScrumProgressViewStyle.swift */ = {isa = PBXFileReference; fileEncoding = 4; lastKnownFileType = sourcecode.swift; path = ScrumProgressViewStyle.swift; sourceTree = "<group>"; };
		1CF9474125927CC000F84D8E /* ScrumTimer.swift */ = {isa = PBXFileReference; fileEncoding = 4; lastKnownFileType = sourcecode.swift; path = ScrumTimer.swift; sourceTree = "<group>"; };
		1CF9474425927CC800F84D8E /* AVPlayer+Ding.swift */ = {isa = PBXFileReference; fileEncoding = 4; lastKnownFileType = sourcecode.swift; path = "AVPlayer+Ding.swift"; sourceTree = "<group>"; };
		1CF94747259382E000F84D8E /* MeetingFooterView.swift */ = {isa = PBXFileReference; lastKnownFileType = sourcecode.swift; path = MeetingFooterView.swift; sourceTree = "<group>"; };
		1CF9474D2593864D00F84D8E /* ding.wav */ = {isa = PBXFileReference; lastKnownFileType = audio.wav; path = ding.wav; sourceTree = "<group>"; };
		1CF947512593A3C400F84D8E /* History.swift */ = {isa = PBXFileReference; fileEncoding = 4; lastKnownFileType = sourcecode.swift; path = History.swift; sourceTree = "<group>"; };
		1CF947542593BD5500F84D8E /* ScrumData.swift */ = {isa = PBXFileReference; lastKnownFileType = sourcecode.swift; path = ScrumData.swift; sourceTree = "<group>"; };
		1CF947572595013300F84D8E /* MeetingTimerView.swift */ = {isa = PBXFileReference; lastKnownFileType = sourcecode.swift; path = MeetingTimerView.swift; sourceTree = "<group>"; };
/* End PBXFileReference section */

/* Begin PBXFrameworksBuildPhase section */
		1C45643F258CFE88000D3F34 /* Frameworks */ = {
			isa = PBXFrameworksBuildPhase;
			buildActionMask = 2147483647;
			files = (
			);
			runOnlyForDeploymentPostprocessing = 0;
		};
/* End PBXFrameworksBuildPhase section */

/* Begin PBXGroup section */
		1C456439258CFE88000D3F34 = {
			isa = PBXGroup;
			children = (
				1C456444258CFE88000D3F34 /* Scrumdinger */,
				1C456443258CFE88000D3F34 /* Products */,
			);
			sourceTree = "<group>";
		};
		1C456443258CFE88000D3F34 /* Products */ = {
			isa = PBXGroup;
			children = (
				1C456442258CFE88000D3F34 /* Scrumdinger.app */,
			);
			name = Products;
			sourceTree = "<group>";
		};
		1C456444258CFE88000D3F34 /* Scrumdinger */ = {
			isa = PBXGroup;
			children = (
				1C45645A258D26AD000D3F34 /* Views */,
				1C456456258D2394000D3F34 /* Models */,
				1CF9474C2593863C00F84D8E /* Resources */,
				1C456445258CFE88000D3F34 /* ScrumdingerApp.swift */,
				1C456449258CFE89000D3F34 /* Assets.xcassets */,
				1C45644E258CFE89000D3F34 /* Info.plist */,
				1C45644B258CFE89000D3F34 /* Preview Content */,
			);
			path = Scrumdinger;
			sourceTree = "<group>";
		};
		1C45644B258CFE89000D3F34 /* Preview Content */ = {
			isa = PBXGroup;
			children = (
				1C45644C258CFE89000D3F34 /* Preview Assets.xcassets */,
			);
			path = "Preview Content";
			sourceTree = "<group>";
		};
		1C456456258D2394000D3F34 /* Models */ = {
			isa = PBXGroup;
			children = (
				1CF947512593A3C400F84D8E /* History.swift */,
				1CF9474425927CC800F84D8E /* AVPlayer+Ding.swift */,
				1C456457258D23A5000D3F34 /* DailyScrum.swift */,
				1C45645E258D2F76000D3F34 /* Color+Codable.swift */,
				1CF9474125927CC000F84D8E /* ScrumTimer.swift */,
				1CF947542593BD5500F84D8E /* ScrumData.swift */,
			);
			path = Models;
			sourceTree = "<group>";
		};
		1C45645A258D26AD000D3F34 /* Views */ = {
			isa = PBXGroup;
			children = (
				1CF9474A259382E900F84D8E /* Meeting */,
				1CF9473E25927C8800F84D8E /* ScrumProgressViewStyle.swift */,
				1C45645B258D26BC000D3F34 /* CardView.swift */,
				1C4564612591264A000D3F34 /* ScrumsView.swift */,
				1C456464259248D3000D3F34 /* DetailView.swift */,
				1C45646725925643000D3F34 /* EditView.swift */,
			);
			path = Views;
			sourceTree = "<group>";
		};
		1CF9474A259382E900F84D8E /* Meeting */ = {
			isa = PBXGroup;
			children = (
				1C456447258CFE88000D3F34 /* MeetingView.swift */,
				1CF9473B259279A100F84D8E /* MeetingHeaderView.swift */,
				1CF94747259382E000F84D8E /* MeetingFooterView.swift */,
				1CF947572595013300F84D8E /* MeetingTimerView.swift */,
			);
			path = Meeting;
			sourceTree = "<group>";
		};
		1CF9474C2593863C00F84D8E /* Resources */ = {
			isa = PBXGroup;
			children = (
				1CF9474D2593864D00F84D8E /* ding.wav */,
			);
			path = Resources;
			sourceTree = "<group>";
		};
/* End PBXGroup section */

/* Begin PBXNativeTarget section */
		1C456441258CFE88000D3F34 /* Scrumdinger */ = {
			isa = PBXNativeTarget;
			buildConfigurationList = 1C456451258CFE89000D3F34 /* Build configuration list for PBXNativeTarget "Scrumdinger" */;
			buildPhases = (
				1C45643E258CFE88000D3F34 /* Sources */,
				1C45643F258CFE88000D3F34 /* Frameworks */,
				1C456440258CFE88000D3F34 /* Resources */,
			);
			buildRules = (
			);
			dependencies = (
			);
			name = Scrumdinger;
			productName = Scrumdinger;
			productReference = 1C456442258CFE88000D3F34 /* Scrumdinger.app */;
			productType = "com.apple.product-type.application";
		};
/* End PBXNativeTarget section */

/* Begin PBXProject section */
		1C45643A258CFE88000D3F34 /* Project object */ = {
			isa = PBXProject;
			attributes = {
				LastSwiftUpdateCheck = 1230;
				LastUpgradeCheck = 1230;
				TargetAttributes = {
					1C456441258CFE88000D3F34 = {
						CreatedOnToolsVersion = 12.3;
					};
				};
			};
			buildConfigurationList = 1C45643D258CFE88000D3F34 /* Build configuration list for PBXProject "Scrumdinger" */;
			compatibilityVersion = "Xcode 9.3";
			developmentRegion = en;
			hasScannedForEncodings = 0;
			knownRegions = (
				en,
				Base,
			);
			mainGroup = 1C456439258CFE88000D3F34;
			productRefGroup = 1C456443258CFE88000D3F34 /* Products */;
			projectDirPath = "";
			projectRoot = "";
			targets = (
				1C456441258CFE88000D3F34 /* Scrumdinger */,
			);
		};
/* End PBXProject section */

/* Begin PBXResourcesBuildPhase section */
		1C456440258CFE88000D3F34 /* Resources */ = {
			isa = PBXResourcesBuildPhase;
			buildActionMask = 2147483647;
			files = (
				1CF9474E2593864D00F84D8E /* ding.wav in Resources */,
				1C45644D258CFE89000D3F34 /* Preview Assets.xcassets in Resources */,
				1C45644A258CFE89000D3F34 /* Assets.xcassets in Resources */,
			);
			runOnlyForDeploymentPostprocessing = 0;
		};
/* End PBXResourcesBuildPhase section */

/* Begin PBXSourcesBuildPhase section */
		1C45643E258CFE88000D3F34 /* Sources */ = {
			isa = PBXSourcesBuildPhase;
			buildActionMask = 2147483647;
			files = (
				1C456448258CFE88000D3F34 /* MeetingView.swift in Sources */,
				1C4564622591264A000D3F34 /* ScrumsView.swift in Sources */,
				1CF947522593A3C400F84D8E /* History.swift in Sources */,
				1C45646825925643000D3F34 /* EditView.swift in Sources */,
				1CF9473C259279A100F84D8E /* MeetingHeaderView.swift in Sources */,
				1CF947552593BD5500F84D8E /* ScrumData.swift in Sources */,
				1CF947582595013300F84D8E /* MeetingTimerView.swift in Sources */,
				1CF94748259382E000F84D8E /* MeetingFooterView.swift in Sources */,
				1C456458258D23A5000D3F34 /* DailyScrum.swift in Sources */,
				1C456465259248D3000D3F34 /* DetailView.swift in Sources */,
				1CF9474225927CC000F84D8E /* ScrumTimer.swift in Sources */,
				1CF9474525927CC800F84D8E /* AVPlayer+Ding.swift in Sources */,
				1C45645C258D26BC000D3F34 /* CardView.swift in Sources */,
				1C45645F258D2F76000D3F34 /* Color+Codable.swift in Sources */,
				1CF9473F25927C8800F84D8E /* ScrumProgressViewStyle.swift in Sources */,
				1C456446258CFE88000D3F34 /* ScrumdingerApp.swift in Sources */,
			);
			runOnlyForDeploymentPostprocessing = 0;
		};
/* End PBXSourcesBuildPhase section */

/* Begin XCBuildConfiguration section */
		1C45644F258CFE89000D3F34 /* Debug */ = {
			isa = XCBuildConfiguration;
			buildSettings = {
				ALWAYS_SEARCH_USER_PATHS = NO;
				CLANG_ANALYZER_NONNULL = YES;
				CLANG_ANALYZER_NUMBER_OBJECT_CONVERSION = YES_AGGRESSIVE;
				CLANG_CXX_LANGUAGE_STANDARD = "gnu++14";
				CLANG_CXX_LIBRARY = "libc++";
				CLANG_ENABLE_MODULES = YES;
				CLANG_ENABLE_OBJC_ARC = YES;
				CLANG_ENABLE_OBJC_WEAK = YES;
				CLANG_WARN_BLOCK_CAPTURE_AUTORELEASING = YES;
				CLANG_WARN_BOOL_CONVERSION = YES;
				CLANG_WARN_COMMA = YES;
				CLANG_WARN_CONSTANT_CONVERSION = YES;
				CLANG_WARN_DEPRECATED_OBJC_IMPLEMENTATIONS = YES;
				CLANG_WARN_DIRECT_OBJC_ISA_USAGE = YES_ERROR;
				CLANG_WARN_DOCUMENTATION_COMMENTS = YES;
				CLANG_WARN_EMPTY_BODY = YES;
				CLANG_WARN_ENUM_CONVERSION = YES;
				CLANG_WARN_INFINITE_RECURSION = YES;
				CLANG_WARN_INT_CONVERSION = YES;
				CLANG_WARN_NON_LITERAL_NULL_CONVERSION = YES;
				CLANG_WARN_OBJC_IMPLICIT_RETAIN_SELF = YES;
				CLANG_WARN_OBJC_LITERAL_CONVERSION = YES;
				CLANG_WARN_OBJC_ROOT_CLASS = YES_ERROR;
				CLANG_WARN_QUOTED_INCLUDE_IN_FRAMEWORK_HEADER = YES;
				CLANG_WARN_RANGE_LOOP_ANALYSIS = YES;
				CLANG_WARN_STRICT_PROTOTYPES = YES;
				CLANG_WARN_SUSPICIOUS_MOVE = YES;
				CLANG_WARN_UNGUARDED_AVAILABILITY = YES_AGGRESSIVE;
				CLANG_WARN_UNREACHABLE_CODE = YES;
				CLANG_WARN__DUPLICATE_METHOD_MATCH = YES;
				COPY_PHASE_STRIP = NO;
				DEBUG_INFORMATION_FORMAT = dwarf;
				ENABLE_STRICT_OBJC_MSGSEND = YES;
				ENABLE_TESTABILITY = YES;
				GCC_C_LANGUAGE_STANDARD = gnu11;
				GCC_DYNAMIC_NO_PIC = NO;
				GCC_NO_COMMON_BLOCKS = YES;
				GCC_OPTIMIZATION_LEVEL = 0;
				GCC_PREPROCESSOR_DEFINITIONS = (
					"DEBUG=1",
					"$(inherited)",
				);
				GCC_WARN_64_TO_32_BIT_CONVERSION = YES;
				GCC_WARN_ABOUT_RETURN_TYPE = YES_ERROR;
				GCC_WARN_UNDECLARED_SELECTOR = YES;
				GCC_WARN_UNINITIALIZED_AUTOS = YES_AGGRESSIVE;
				GCC_WARN_UNUSED_FUNCTION = YES;
				GCC_WARN_UNUSED_VARIABLE = YES;
				IPHONEOS_DEPLOYMENT_TARGET = 14.3;
				MTL_ENABLE_DEBUG_INFO = INCLUDE_SOURCE;
				MTL_FAST_MATH = YES;
				ONLY_ACTIVE_ARCH = YES;
				SDKROOT = iphoneos;
				SWIFT_ACTIVE_COMPILATION_CONDITIONS = DEBUG;
				SWIFT_OPTIMIZATION_LEVEL = "-Onone";
			};
			name = Debug;
		};
		1C456450258CFE89000D3F34 /* Release */ = {
			isa = XCBuildConfiguration;
			buildSettings = {
				ALWAYS_SEARCH_USER_PATHS = NO;
				CLANG_ANALYZER_NONNULL = YES;
				CLANG_ANALYZER_NUMBER_OBJECT_CONVERSION = YES_AGGRESSIVE;
				CLANG_CXX_LANGUAGE_STANDARD = "gnu++14";
				CLANG_CXX_LIBRARY = "libc++";
				CLANG_ENABLE_MODULES = YES;
				CLANG_ENABLE_OBJC_ARC = YES;
				CLANG_ENABLE_OBJC_WEAK = YES;
				CLANG_WARN_BLOCK_CAPTURE_AUTORELEASING = YES;
				CLANG_WARN_BOOL_CONVERSION = YES;
				CLANG_WARN_COMMA = YES;
				CLANG_WARN_CONSTANT_CONVERSION = YES;
				CLANG_WARN_DEPRECATED_OBJC_IMPLEMENTATIONS = YES;
				CLANG_WARN_DIRECT_OBJC_ISA_USAGE = YES_ERROR;
				CLANG_WARN_DOCUMENTATION_COMMENTS = YES;
				CLANG_WARN_EMPTY_BODY = YES;
				CLANG_WARN_ENUM_CONVERSION = YES;
				CLANG_WARN_INFINITE_RECURSION = YES;
				CLANG_WARN_INT_CONVERSION = YES;
				CLANG_WARN_NON_LITERAL_NULL_CONVERSION = YES;
				CLANG_WARN_OBJC_IMPLICIT_RETAIN_SELF = YES;
				CLANG_WARN_OBJC_LITERAL_CONVERSION = YES;
				CLANG_WARN_OBJC_ROOT_CLASS = YES_ERROR;
				CLANG_WARN_QUOTED_INCLUDE_IN_FRAMEWORK_HEADER = YES;
				CLANG_WARN_RANGE_LOOP_ANALYSIS = YES;
				CLANG_WARN_STRICT_PROTOTYPES = YES;
				CLANG_WARN_SUSPICIOUS_MOVE = YES;
				CLANG_WARN_UNGUARDED_AVAILABILITY = YES_AGGRESSIVE;
				CLANG_WARN_UNREACHABLE_CODE = YES;
				CLANG_WARN__DUPLICATE_METHOD_MATCH = YES;
				COPY_PHASE_STRIP = NO;
				DEBUG_INFORMATION_FORMAT = "dwarf-with-dsym";
				ENABLE_NS_ASSERTIONS = NO;
				ENABLE_STRICT_OBJC_MSGSEND = YES;
				GCC_C_LANGUAGE_STANDARD = gnu11;
				GCC_NO_COMMON_BLOCKS = YES;
				GCC_WARN_64_TO_32_BIT_CONVERSION = YES;
				GCC_WARN_ABOUT_RETURN_TYPE = YES_ERROR;
				GCC_WARN_UNDECLARED_SELECTOR = YES;
				GCC_WARN_UNINITIALIZED_AUTOS = YES_AGGRESSIVE;
				GCC_WARN_UNUSED_FUNCTION = YES;
				GCC_WARN_UNUSED_VARIABLE = YES;
				IPHONEOS_DEPLOYMENT_TARGET = 14.3;
				MTL_ENABLE_DEBUG_INFO = NO;
				MTL_FAST_MATH = YES;
				SDKROOT = iphoneos;
				SWIFT_COMPILATION_MODE = wholemodule;
				SWIFT_OPTIMIZATION_LEVEL = "-O";
				VALIDATE_PRODUCT = YES;
			};
			name = Release;
		};
		1C456452258CFE89000D3F34 /* Debug */ = {
			isa = XCBuildConfiguration;
			buildSettings = {
				ASSETCATALOG_COMPILER_APPICON_NAME = AppIcon;
				ASSETCATALOG_COMPILER_GLOBAL_ACCENT_COLOR_NAME = AccentColor;
				CODE_SIGN_STYLE = Automatic;
				DEVELOPMENT_ASSET_PATHS = "\"Scrumdinger/Preview Content\"";
				DEVELOPMENT_TEAM = 33V2RDU2CC;
				ENABLE_PREVIEWS = YES;
				INFOPLIST_FILE = Scrumdinger/Info.plist;
				IPHONEOS_DEPLOYMENT_TARGET = 14.0;
				LD_RUNPATH_SEARCH_PATHS = (
					"$(inherited)",
					"@executable_path/Frameworks",
				);
				PRODUCT_BUNDLE_IDENTIFIER = com.ajc.Scrumdinger;
				PRODUCT_NAME = "$(TARGET_NAME)";
				SWIFT_VERSION = 5.0;
				TARGETED_DEVICE_FAMILY = "1,2";
			};
			name = Debug;
		};
		1C456453258CFE89000D3F34 /* Release */ = {
			isa = XCBuildConfiguration;
			buildSettings = {
				ASSETCATALOG_COMPILER_APPICON_NAME = AppIcon;
				ASSETCATALOG_COMPILER_GLOBAL_ACCENT_COLOR_NAME = AccentColor;
				CODE_SIGN_STYLE = Automatic;
				DEVELOPMENT_ASSET_PATHS = "\"Scrumdinger/Preview Content\"";
				DEVELOPMENT_TEAM = 33V2RDU2CC;
				ENABLE_PREVIEWS = YES;
				INFOPLIST_FILE = Scrumdinger/Info.plist;
				IPHONEOS_DEPLOYMENT_TARGET = 14.0;
				LD_RUNPATH_SEARCH_PATHS = (
					"$(inherited)",
					"@executable_path/Frameworks",
				);
				PRODUCT_BUNDLE_IDENTIFIER = com.ajc.Scrumdinger;
				PRODUCT_NAME = "$(TARGET_NAME)";
				SWIFT_VERSION = 5.0;
				TARGETED_DEVICE_FAMILY = "1,2";
			};
			name = Release;
		};
/* End XCBuildConfiguration section */

/* Begin XCConfigurationList section */
		1C45643D258CFE88000D3F34 /* Build configuration list for PBXProject "Scrumdinger" */ = {
			isa = XCConfigurationList;
			buildConfigurations = (
				1C45644F258CFE89000D3F34 /* Debug */,
				1C456450258CFE89000D3F34 /* Release */,
			);
			defaultConfigurationIsVisible = 0;
			defaultConfigurationName = Release;
		};
		1C456451258CFE89000D3F34 /* Build configuration list for PBXNativeTarget "Scrumdinger" */ = {
			isa = XCConfigurationList;
			buildConfigurations = (
				1C456452258CFE89000D3F34 /* Debug */,
				1C456453258CFE89000D3F34 /* Release */,
			);
			defaultConfigurationIsVisible = 0;
			defaultConfigurationName = Release;
		};
/* End XCConfigurationList section */
	};
	rootObject = 1C45643A258CFE88000D3F34 /* Project object */;
}
